
Microsoft Visual Studio Solution File, Format Version 12.00
# Visual Studio Version 17
VisualStudioVersion = 17.14.36127.28 d17.14
MinimumVisualStudioVersion = 10.0.40219.1
Project("{FAE04EC0-301F-11D3-BF4B-00C04F79EFBC}") = "DayCareGuarderia", "DayCareGuarderia.csproj", "{5EA816A0-7285-4C5F-90E1-5ACA71F19930}"
EndProject
Global
	GlobalSection(SolutionConfigurationPlatforms) = preSolution
		Debug|Any CPU = Debug|Any CPU
		Release|Any CPU = Release|Any CPU
	EndGlobalSection
	GlobalSection(ProjectConfigurationPlatforms) = postSolution
		{5EA816A0-7285-4C5F-90E1-5ACA71F19930}.Debug|Any CPU.ActiveCfg = Debug|Any CPU
		{5EA816A0-7285-4C5F-90E1-5ACA71F19930}.Debug|Any CPU.Build.0 = Debug|Any CPU
		{5EA816A0-7285-4C5F-90E1-5ACA71F19930}.Release|Any CPU.ActiveCfg = Release|Any CPU
		{5EA816A0-7285-4C5F-90E1-5ACA71F19930}.Release|Any CPU.Build.0 = Release|Any CPU
	EndGlobalSection
	GlobalSection(SolutionProperties) = preSolution
		HideSolutionNode = FALSE
	EndGlobalSection
	GlobalSection(ExtensibilityGlobals) = postSolution
		SolutionGuid = {DD52C527-8E14-47F5-B0E2-F42896D9CAB5}
	EndGlobalSection
EndGlobal
